{
  "nodes": {
    "doomemacs": {
      "flake": false,
      "locked": {
        "lastModified": 1729806236,
        "narHash": "sha256-JtT5QzZCxii4X+AZI6fGkhABs2cK9/iMbU4YWpQ/lLY=",
        "owner": "doomemacs",
        "repo": "doomemacs",
        "rev": "dea6552ef97d8d1b731bef17548d492e8b15566c",
        "type": "github"
      },
      "original": {
        "owner": "doomemacs",
        "repo": "doomemacs",
        "type": "github"
      }
    },
    "emacs-overlay": {
      "inputs": {
        "flake-utils": "flake-utils",
        "nixpkgs": [
          "nix-doom-emacs-unstraightened"
        ],
        "nixpkgs-stable": [
          "nix-doom-emacs-unstraightened"
        ]
      },
      "locked": {
        "lastModified": 1729818968,
        "narHash": "sha256-dP4MIBrDc3Z+tgH9j+42aikYE+Jyndzg7xlGdU0+cNM=",
        "owner": "nix-community",
        "repo": "emacs-overlay",
        "rev": "dfbc53025ea2527fbf2aca46be92cf725360f4a9",
        "type": "github"
      },
      "original": {
        "owner": "nix-community",
        "repo": "emacs-overlay",
        "type": "github"
      }
    },
    "flake-compat": {
      "flake": false,
      "locked": {
        "lastModified": 1650374568,
        "narHash": "sha256-Z+s0J8/r907g149rllvwhb4pKi8Wam5ij0st8PwAh+E=",
        "owner": "edolstra",
        "repo": "flake-compat",
        "rev": "b4a34015c698c7793d592d66adbab377907a2be8",
        "type": "github"
      },
      "original": {
        "owner": "edolstra",
        "repo": "flake-compat",
        "type": "github"
      }
    },
    "flake-utils": {
      "inputs": {
        "systems": "systems"
      },
      "locked": {
        "lastModified": 1726560853,
        "narHash": "sha256-X6rJYSESBVr3hBoH0WbKE5KvhPU5bloyZ2L4K60/fPQ=",
        "owner": "numtide",
        "repo": "flake-utils",
        "rev": "c1dfcf08411b08f6b8615f7d8971a2bfa81d5e8a",
        "type": "github"
      },
      "original": {
        "owner": "numtide",
        "repo": "flake-utils",
        "type": "github"
      }
    },
    "flake-utils-plus": {
      "inputs": {
        "flake-utils": "flake-utils_2"
      },
      "locked": {
        "lastModified": 1715533576,
        "narHash": "sha256-fT4ppWeCJ0uR300EH3i7kmgRZnAVxrH+XtK09jQWihk=",
        "owner": "gytis-ivaskevicius",
        "repo": "flake-utils-plus",
        "rev": "3542fe9126dc492e53ddd252bb0260fe035f2c0f",
        "type": "github"
      },
      "original": {
        "owner": "gytis-ivaskevicius",
        "repo": "flake-utils-plus",
        "rev": "3542fe9126dc492e53ddd252bb0260fe035f2c0f",
        "type": "github"
      }
    },
    "flake-utils_2": {
      "inputs": {
        "systems": "systems_3"
      },
      "locked": {
        "lastModified": 1694529238,
        "narHash": "sha256-zsNZZGTGnMOf9YpHKJqMSsa0dXbfmxeoJ7xHlrt+xmY=",
        "owner": "numtide",
        "repo": "flake-utils",
        "rev": "ff7b65b44d01cf9ba6a71320833626af21126384",
        "type": "github"
      },
      "original": {
        "owner": "numtide",
        "repo": "flake-utils",
        "type": "github"
      }
    },
    "home-manager": {
      "inputs": {
        "nixpkgs": [
          "nixpkgs"
        ]
      },
      "locked": {
        "lastModified": 1726989464,
        "narHash": "sha256-Vl+WVTJwutXkimwGprnEtXc/s/s8sMuXzqXaspIGlwM=",
        "owner": "nix-community",
        "repo": "home-manager",
        "rev": "2f23fa308a7c067e52dfcc30a0758f47043ec176",
        "type": "github"
      },
      "original": {
        "owner": "nix-community",
        "ref": "release-24.05",
        "repo": "home-manager",
        "type": "github"
      }
    },
    "nix-doom-emacs-unstraightened": {
      "inputs": {
        "doomemacs": "doomemacs",
        "emacs-overlay": "emacs-overlay",
        "nixpkgs": [
          "nixpkgs"
        ],
        "systems": "systems_2"
      },
      "locked": {
        "lastModified": 1729845514,
        "narHash": "sha256-xIhJ6L+OwBbRgPbpWMRrkHV2lozckzgVeoUYJDZ3TPQ=",
        "owner": "marienz",
        "repo": "nix-doom-emacs-unstraightened",
        "rev": "c925d462023a17a2d996b7b2dcb195b9f7b36bb1",
        "type": "github"
      },
      "original": {
        "owner": "marienz",
        "repo": "nix-doom-emacs-unstraightened",
        "type": "github"
      }
    },
    "nixCats": {
      "locked": {
        "dir": "nix",
        "lastModified": 1728945249,
        "narHash": "sha256-WeA1oMjijjqEHsPDZ1vl9SU7Yt6365rLTQjwNjzWgBY=",
        "owner": "BirdeeHub",
        "repo": "nixCats-nvim",
        "rev": "132e968264ccb9e7e4ccfc83fd9145d0516e5cd1",
        "type": "github"
      },
      "original": {
        "dir": "nix",
        "owner": "BirdeeHub",
        "repo": "nixCats-nvim",
        "type": "github"
      }
    },
    "nixcats-nvim": {
      "inputs": {
        "nixCats": "nixCats",
        "nixpkgs": "nixpkgs"
      },
      "locked": {
        "lastModified": 1730180124,
        "narHash": "sha256-kPDa+65ym/F7ecMjYfVcEl+FsTzl2mvUU1cOn45sEuw=",
        "owner": "rft",
        "repo": "nixcat-nvim",
        "rev": "0dd935064ded651b42983ec817e1aa37eff80cc7",
        "type": "github"
      },
      "original": {
        "owner": "rft",
        "repo": "nixcat-nvim",
        "type": "github"
      }
    },
    "nixpkgs": {
      "locked": {
        "lastModified": 1730643484,
        "narHash": "sha256-FZN70acnL7V0gfmtLTdsi4J1o51bfaBYDTi3E7b7z3U=",
        "owner": "nixos",
        "repo": "nixpkgs",
        "rev": "4ae2e647537bcdbb82265469442713d066675275",
        "type": "github"
      },
      "original": {
        "owner": "nixos",
        "ref": "nixpkgs-unstable",
        "repo": "nixpkgs",
        "type": "github"
      }
    },
    "nixpkgs_2": {
      "locked": {
        "lastModified": 1729691686,
        "narHash": "sha256-BAuPWW+9fa1moZTU+jFh+1cUtmsuF8asgzFwejM4wac=",
        "owner": "nixos",
        "repo": "nixpkgs",
        "rev": "32e940c7c420600ef0d1ef396dc63b04ee9cad37",
        "type": "github"
      },
      "original": {
        "owner": "nixos",
        "ref": "nixos-24.05",
        "repo": "nixpkgs",
        "type": "github"
      }
    },
    "root": {
      "inputs": {
        "home-manager": "home-manager",
        "nix-doom-emacs-unstraightened": "nix-doom-emacs-unstraightened",
        "nixcats-nvim": "nixcats-nvim",
        "nixpkgs": "nixpkgs_2",
        "nixpkgs-unstable": [
          "nixpkgs"
        ],
        "snowfall-lib": "snowfall-lib"
      }
    },
    "snowfall-lib": {
      "inputs": {
        "flake-compat": "flake-compat",
        "flake-utils-plus": "flake-utils-plus",
        "nixpkgs": [
          "nixpkgs"
        ]
      },
      "locked": {
        "lastModified": 1719005984,
        "narHash": "sha256-mpFl3Jv4fKnn+5znYXG6SsBjfXHJdRG5FEqNSPx0GLA=",
        "owner": "snowfallorg",
        "repo": "lib",
        "rev": "c6238c83de101729c5de3a29586ba166a9a65622",
        "type": "github"
      },
      "original": {
        "owner": "snowfallorg",
        "repo": "lib",
        "type": "github"
      }
    },
    "systems": {
      "locked": {
        "lastModified": 1681028828,
        "narHash": "sha256-Vy1rq5AaRuLzOxct8nz4T6wlgyUR7zLU309k9mBC768=",
        "owner": "nix-systems",
        "repo": "default",
        "rev": "da67096a3b9bf56a91d16901293e51ba5b49a27e",
        "type": "github"
      },
      "original": {
        "owner": "nix-systems",
        "repo": "default",
        "type": "github"
      }
    },
    "systems_2": {
      "locked": {
        "lastModified": 1681028828,
        "narHash": "sha256-Vy1rq5AaRuLzOxct8nz4T6wlgyUR7zLU309k9mBC768=",
        "owner": "nix-systems",
        "repo": "default",
        "rev": "da67096a3b9bf56a91d16901293e51ba5b49a27e",
        "type": "github"
      },
      "original": {
        "owner": "nix-systems",
        "repo": "default",
        "type": "github"
      }
    },
    "systems_3": {
      "locked": {
        "lastModified": 1681028828,
        "narHash": "sha256-Vy1rq5AaRuLzOxct8nz4T6wlgyUR7zLU309k9mBC768=",
        "owner": "nix-systems",
        "repo": "default",
        "rev": "da67096a3b9bf56a91d16901293e51ba5b49a27e",
        "type": "github"
      },
      "original": {
        "owner": "nix-systems",
        "repo": "default",
        "type": "github"
      }
    }
  },
  "root": "root",
  "version": 7
}
